{
  "pins" : [
    {
      "identity" : "floatingactionbutton",
      "kind" : "remoteSourceControl",
      "location" : "https://github.com/fummicc1/FloatingActionButton",
      "state" : {
        "branch" : "main",
        "revision" : "e99b1afef91d053cb30f0cefa17036d6d256cc79"
      }
    }
  ],
  "version" : 2
}
